// !$*UTF8*$!
{
	archiveVersion = 1;
	classes = {
	};
	objectVersion = 46;
	objects = {

/* Begin PBXBuildFile section */
		562DCBF21DBC695C00FD64D4 /* heart.mp3 in Resources */ = {isa = PBXBuildFile; fileRef = 562DCBF11DBC695C00FD64D4 /* heart.mp3 */; };
		56597F021DC1292C003C37CB /* AzoSans-Light.otf in Resources */ = {isa = PBXBuildFile; fileRef = 56597F011DC12918003C37CB /* AzoSans-Light.otf */; };
		56597F031DC12930003C37CB /* AzoSans-Bold.otf in Resources */ = {isa = PBXBuildFile; fileRef = 56597F001DC12918003C37CB /* AzoSans-Bold.otf */; };
		566B08201DC23CC700B59AC3 /* AzoSans-Black.otf in Resources */ = {isa = PBXBuildFile; fileRef = 566B081E1DC23CBA00B59AC3 /* AzoSans-Black.otf */; };
		566B08211DC23CCA00B59AC3 /* AzoSans-Regular.otf in Resources */ = {isa = PBXBuildFile; fileRef = 566B081F1DC23CBA00B59AC3 /* AzoSans-Regular.otf */; };
		56F7AAA21DBB078500E3CBF1 /* AppDelegate.swift in Sources */ = {isa = PBXBuildFile; fileRef = 56F7AAA11DBB078500E3CBF1 /* AppDelegate.swift */; };
		56F7AAA41DBB078500E3CBF1 /* ViewController.swift in Sources */ = {isa = PBXBuildFile; fileRef = 56F7AAA31DBB078500E3CBF1 /* ViewController.swift */; };
		56F7AAA71DBB078500E3CBF1 /* Main.storyboard in Resources */ = {isa = PBXBuildFile; fileRef = 56F7AAA51DBB078500E3CBF1 /* Main.storyboard */; };
		56F7AAA91DBB078500E3CBF1 /* Assets.xcassets in Resources */ = {isa = PBXBuildFile; fileRef = 56F7AAA81DBB078500E3CBF1 /* Assets.xcassets */; };
		56F7AAAC1DBB078500E3CBF1 /* LaunchScreen.storyboard in Resources */ = {isa = PBXBuildFile; fileRef = 56F7AAAA1DBB078500E3CBF1 /* LaunchScreen.storyboard */; };
		56F7AAB71DBB078500E3CBF1 /* ConcorTests.swift in Sources */ = {isa = PBXBuildFile; fileRef = 56F7AAB61DBB078500E3CBF1 /* ConcorTests.swift */; };
		56F7AAC21DBB078500E3CBF1 /* ConcorUITests.swift in Sources */ = {isa = PBXBuildFile; fileRef = 56F7AAC11DBB078500E3CBF1 /* ConcorUITests.swift */; };
/* End PBXBuildFile section */

/* Begin PBXContainerItemProxy section */
		56F7AAB31DBB078500E3CBF1 /* PBXContainerItemProxy */ = {
			isa = PBXContainerItemProxy;
			containerPortal = 56F7AA961DBB078500E3CBF1 /* Project object */;
			proxyType = 1;
			remoteGlobalIDString = 56F7AA9D1DBB078500E3CBF1;
			remoteInfo = Concor;
		};
		56F7AABE1DBB078500E3CBF1 /* PBXContainerItemProxy */ = {
			isa = PBXContainerItemProxy;
			containerPortal = 56F7AA961DBB078500E3CBF1 /* Project object */;
			proxyType = 1;
			remoteGlobalIDString = 56F7AA9D1DBB078500E3CBF1;
			remoteInfo = Concor;
		};
/* End PBXContainerItemProxy section */

/* Begin PBXCopyFilesBuildPhase section */
		565C53BA1DBE6F7A00D16891 /* Embed Frameworks */ = {
			isa = PBXCopyFilesBuildPhase;
			buildActionMask = 12;
			dstPath = "";
			dstSubfolderSpec = 10;
			files = (
			);
			name = "Embed Frameworks";
			runOnlyForDeploymentPostprocessing = 0;
		};
/* End PBXCopyFilesBuildPhase section */

/* Begin PBXFileReference section */
		562DCBF11DBC695C00FD64D4 /* heart.mp3 */ = {isa = PBXFileReference; lastKnownFileType = audio.mp3; path = heart.mp3; sourceTree = "<group>"; };
		56597F001DC12918003C37CB /* AzoSans-Bold.otf */ = {isa = PBXFileReference; lastKnownFileType = file; path = "AzoSans-Bold.otf"; sourceTree = "<group>"; };
		56597F011DC12918003C37CB /* AzoSans-Light.otf */ = {isa = PBXFileReference; lastKnownFileType = file; path = "AzoSans-Light.otf"; sourceTree = "<group>"; };
		566B081E1DC23CBA00B59AC3 /* AzoSans-Black.otf */ = {isa = PBXFileReference; lastKnownFileType = file; path = "AzoSans-Black.otf"; sourceTree = "<group>"; };
		566B081F1DC23CBA00B59AC3 /* AzoSans-Regular.otf */ = {isa = PBXFileReference; lastKnownFileType = file; path = "AzoSans-Regular.otf"; sourceTree = "<group>"; };
		56F7AA9E1DBB078500E3CBF1 /* Concor.app */ = {isa = PBXFileReference; explicitFileType = wrapper.application; includeInIndex = 0; path = Concor.app; sourceTree = BUILT_PRODUCTS_DIR; };
		56F7AAA11DBB078500E3CBF1 /* AppDelegate.swift */ = {isa = PBXFileReference; lastKnownFileType = sourcecode.swift; path = AppDelegate.swift; sourceTree = "<group>"; };
		56F7AAA31DBB078500E3CBF1 /* ViewController.swift */ = {isa = PBXFileReference; lastKnownFileType = sourcecode.swift; path = ViewController.swift; sourceTree = "<group>"; };
		56F7AAA61DBB078500E3CBF1 /* Base */ = {isa = PBXFileReference; lastKnownFileType = file.storyboard; name = Base; path = Base.lproj/Main.storyboard; sourceTree = "<group>"; };
		56F7AAA81DBB078500E3CBF1 /* Assets.xcassets */ = {isa = PBXFileReference; lastKnownFileType = folder.assetcatalog; path = Assets.xcassets; sourceTree = "<group>"; };
		56F7AAAB1DBB078500E3CBF1 /* Base */ = {isa = PBXFileReference; lastKnownFileType = file.storyboard; name = Base; path = Base.lproj/LaunchScreen.storyboard; sourceTree = "<group>"; };
		56F7AAAD1DBB078500E3CBF1 /* Info.plist */ = {isa = PBXFileReference; lastKnownFileType = text.plist.xml; path = Info.plist; sourceTree = "<group>"; };
		56F7AAB21DBB078500E3CBF1 /* ConcorTests.xctest */ = {isa = PBXFileReference; explicitFileType = wrapper.cfbundle; includeInIndex = 0; path = ConcorTests.xctest; sourceTree = BUILT_PRODUCTS_DIR; };
		56F7AAB61DBB078500E3CBF1 /* ConcorTests.swift */ = {isa = PBXFileReference; lastKnownFileType = sourcecode.swift; path = ConcorTests.swift; sourceTree = "<group>"; };
		56F7AAB81DBB078500E3CBF1 /* Info.plist */ = {isa = PBXFileReference; lastKnownFileType = text.plist.xml; path = Info.plist; sourceTree = "<group>"; };
		56F7AABD1DBB078500E3CBF1 /* ConcorUITests.xctest */ = {isa = PBXFileReference; explicitFileType = wrapper.cfbundle; includeInIndex = 0; path = ConcorUITests.xctest; sourceTree = BUILT_PRODUCTS_DIR; };
		56F7AAC11DBB078500E3CBF1 /* ConcorUITests.swift */ = {isa = PBXFileReference; lastKnownFileType = sourcecode.swift; path = ConcorUITests.swift; sourceTree = "<group>"; };
		56F7AAC31DBB078500E3CBF1 /* Info.plist */ = {isa = PBXFileReference; lastKnownFileType = text.plist.xml; path = Info.plist; sourceTree = "<group>"; };
/* End PBXFileReference section */

/* Begin PBXFrameworksBuildPhase section */
		56F7AA9B1DBB078500E3CBF1 /* Frameworks */ = {
			isa = PBXFrameworksBuildPhase;
			buildActionMask = 2147483647;
			files = (
			);
			runOnlyForDeploymentPostprocessing = 0;
		};
		56F7AAAF1DBB078500E3CBF1 /* Frameworks */ = {
			isa = PBXFrameworksBuildPhase;
			buildActionMask = 2147483647;
			files = (
			);
			runOnlyForDeploymentPostprocessing = 0;
		};
		56F7AABA1DBB078500E3CBF1 /* Frameworks */ = {
			isa = PBXFrameworksBuildPhase;
			buildActionMask = 2147483647;
			files = (
			);
			runOnlyForDeploymentPostprocessing = 0;
		};
/* End PBXFrameworksBuildPhase section */

/* Begin PBXGroup section */
		562DCBF01DBC693D00FD64D4 /* audio */ = {
			isa = PBXGroup;
			children = (
				562DCBF11DBC695C00FD64D4 /* heart.mp3 */,
			);
			name = audio;
			sourceTree = "<group>";
		};
		56597EFF1DC1290E003C37CB /* src */ = {
			isa = PBXGroup;
			children = (
				566B081E1DC23CBA00B59AC3 /* AzoSans-Black.otf */,
				566B081F1DC23CBA00B59AC3 /* AzoSans-Regular.otf */,
				56597F001DC12918003C37CB /* AzoSans-Bold.otf */,
				56597F011DC12918003C37CB /* AzoSans-Light.otf */,
			);
			name = src;
			sourceTree = "<group>";
		};
		565C53B21DBE6C1E00D16891 /* Frameworks */ = {
			isa = PBXGroup;
			children = (
			);
			name = Frameworks;
			sourceTree = "<group>";
		};
		56F7AA951DBB078500E3CBF1 = {
			isa = PBXGroup;
			children = (
				56F7AAA01DBB078500E3CBF1 /* Concor */,
				56F7AAB51DBB078500E3CBF1 /* ConcorTests */,
				56F7AAC01DBB078500E3CBF1 /* ConcorUITests */,
				56F7AA9F1DBB078500E3CBF1 /* Products */,
				565C53B21DBE6C1E00D16891 /* Frameworks */,
			);
			sourceTree = "<group>";
		};
		56F7AA9F1DBB078500E3CBF1 /* Products */ = {
			isa = PBXGroup;
			children = (
				56F7AA9E1DBB078500E3CBF1 /* Concor.app */,
				56F7AAB21DBB078500E3CBF1 /* ConcorTests.xctest */,
				56F7AABD1DBB078500E3CBF1 /* ConcorUITests.xctest */,
			);
			name = Products;
			sourceTree = "<group>";
		};
		56F7AAA01DBB078500E3CBF1 /* Concor */ = {
			isa = PBXGroup;
			children = (
				56597EFF1DC1290E003C37CB /* src */,
				562DCBF01DBC693D00FD64D4 /* audio */,
				56F7AAA11DBB078500E3CBF1 /* AppDelegate.swift */,
				56F7AAA31DBB078500E3CBF1 /* ViewController.swift */,
				56F7AAA51DBB078500E3CBF1 /* Main.storyboard */,
				56F7AAA81DBB078500E3CBF1 /* Assets.xcassets */,
				56F7AAAA1DBB078500E3CBF1 /* LaunchScreen.storyboard */,
				56F7AAAD1DBB078500E3CBF1 /* Info.plist */,
			);
			path = Concor;
			sourceTree = "<group>";
		};
		56F7AAB51DBB078500E3CBF1 /* ConcorTests */ = {
			isa = PBXGroup;
			children = (
				56F7AAB61DBB078500E3CBF1 /* ConcorTests.swift */,
				56F7AAB81DBB078500E3CBF1 /* Info.plist */,
			);
			path = ConcorTests;
			sourceTree = "<group>";
		};
		56F7AAC01DBB078500E3CBF1 /* ConcorUITests */ = {
			isa = PBXGroup;
			children = (
				56F7AAC11DBB078500E3CBF1 /* ConcorUITests.swift */,
				56F7AAC31DBB078500E3CBF1 /* Info.plist */,
			);
			path = ConcorUITests;
			sourceTree = "<group>";
		};
/* End PBXGroup section */

/* Begin PBXNativeTarget section */
		56F7AA9D1DBB078500E3CBF1 /* Concor */ = {
			isa = PBXNativeTarget;
			buildConfigurationList = 56F7AAC61DBB078500E3CBF1 /* Build configuration list for PBXNativeTarget "Concor" */;
			buildPhases = (
				56F7AA9A1DBB078500E3CBF1 /* Sources */,
				56F7AA9B1DBB078500E3CBF1 /* Frameworks */,
				56F7AA9C1DBB078500E3CBF1 /* Resources */,
				565C53BA1DBE6F7A00D16891 /* Embed Frameworks */,
			);
			buildRules = (
			);
			dependencies = (
			);
			name = Concor;
			productName = Concor;
			productReference = 56F7AA9E1DBB078500E3CBF1 /* Concor.app */;
			productType = "com.apple.product-type.application";
		};
		56F7AAB11DBB078500E3CBF1 /* ConcorTests */ = {
			isa = PBXNativeTarget;
			buildConfigurationList = 56F7AAC91DBB078500E3CBF1 /* Build configuration list for PBXNativeTarget "ConcorTests" */;
			buildPhases = (
				56F7AAAE1DBB078500E3CBF1 /* Sources */,
				56F7AAAF1DBB078500E3CBF1 /* Frameworks */,
				56F7AAB01DBB078500E3CBF1 /* Resources */,
			);
			buildRules = (
			);
			dependencies = (
				56F7AAB41DBB078500E3CBF1 /* PBXTargetDependency */,
			);
			name = ConcorTests;
			productName = ConcorTests;
			productReference = 56F7AAB21DBB078500E3CBF1 /* ConcorTests.xctest */;
			productType = "com.apple.product-type.bundle.unit-test";
		};
		56F7AABC1DBB078500E3CBF1 /* ConcorUITests */ = {
			isa = PBXNativeTarget;
			buildConfigurationList = 56F7AACC1DBB078500E3CBF1 /* Build configuration list for PBXNativeTarget "ConcorUITests" */;
			buildPhases = (
				56F7AAB91DBB078500E3CBF1 /* Sources */,
				56F7AABA1DBB078500E3CBF1 /* Frameworks */,
				56F7AABB1DBB078500E3CBF1 /* Resources */,
			);
			buildRules = (
			);
			dependencies = (
				56F7AABF1DBB078500E3CBF1 /* PBXTargetDependency */,
			);
			name = ConcorUITests;
			productName = ConcorUITests;
			productReference = 56F7AABD1DBB078500E3CBF1 /* ConcorUITests.xctest */;
			productType = "com.apple.product-type.bundle.ui-testing";
		};
/* End PBXNativeTarget section */

/* Begin PBXProject section */
		56F7AA961DBB078500E3CBF1 /* Project object */ = {
			isa = PBXProject;
			attributes = {
				LastSwiftUpdateCheck = 0800;
				LastUpgradeCheck = 0810;
				ORGANIZATIONNAME = RentalApps;
				TargetAttributes = {
					56F7AA9D1DBB078500E3CBF1 = {
						CreatedOnToolsVersion = 8.0;
						DevelopmentTeam = 9YRZ67W2T5;
						ProvisioningStyle = Automatic;
					};
					56F7AAB11DBB078500E3CBF1 = {
						CreatedOnToolsVersion = 8.0;
						DevelopmentTeam = 9YRZ67W2T5;
						ProvisioningStyle = Automatic;
						TestTargetID = 56F7AA9D1DBB078500E3CBF1;
					};
					56F7AABC1DBB078500E3CBF1 = {
						CreatedOnToolsVersion = 8.0;
						DevelopmentTeam = 9YRZ67W2T5;
						ProvisioningStyle = Automatic;
						TestTargetID = 56F7AA9D1DBB078500E3CBF1;
					};
				};
			};
			buildConfigurationList = 56F7AA991DBB078500E3CBF1 /* Build configuration list for PBXProject "Concor" */;
			compatibilityVersion = "Xcode 3.2";
			developmentRegion = English;
			hasScannedForEncodings = 0;
			knownRegions = (
				en,
				Base,
			);
			mainGroup = 56F7AA951DBB078500E3CBF1;
			productRefGroup = 56F7AA9F1DBB078500E3CBF1 /* Products */;
			projectDirPath = "";
			projectRoot = "";
			targets = (
				56F7AA9D1DBB078500E3CBF1 /* Concor */,
				56F7AAB11DBB078500E3CBF1 /* ConcorTests */,
				56F7AABC1DBB078500E3CBF1 /* ConcorUITests */,
			);
		};
/* End PBXProject section */

/* Begin PBXResourcesBuildPhase section */
		56F7AA9C1DBB078500E3CBF1 /* Resources */ = {
			isa = PBXResourcesBuildPhase;
			buildActionMask = 2147483647;
			files = (
				566B08211DC23CCA00B59AC3 /* AzoSans-Regular.otf in Resources */,
				566B08201DC23CC700B59AC3 /* AzoSans-Black.otf in Resources */,
				56597F031DC12930003C37CB /* AzoSans-Bold.otf in Resources */,
				56597F021DC1292C003C37CB /* AzoSans-Light.otf in Resources */,
				56F7AAAC1DBB078500E3CBF1 /* LaunchScreen.storyboard in Resources */,
				56F7AAA91DBB078500E3CBF1 /* Assets.xcassets in Resources */,
				56F7AAA71DBB078500E3CBF1 /* Main.storyboard in Resources */,
				562DCBF21DBC695C00FD64D4 /* heart.mp3 in Resources */,
			);
			runOnlyForDeploymentPostprocessing = 0;
		};
		56F7AAB01DBB078500E3CBF1 /* Resources */ = {
			isa = PBXResourcesBuildPhase;
			buildActionMask = 2147483647;
			files = (
			);
			runOnlyForDeploymentPostprocessing = 0;
		};
		56F7AABB1DBB078500E3CBF1 /* Resources */ = {
			isa = PBXResourcesBuildPhase;
			buildActionMask = 2147483647;
			files = (
			);
			runOnlyForDeploymentPostprocessing = 0;
		};
/* End PBXResourcesBuildPhase section */

/* Begin PBXSourcesBuildPhase section */
		56F7AA9A1DBB078500E3CBF1 /* Sources */ = {
			isa = PBXSourcesBuildPhase;
			buildActionMask = 2147483647;
			files = (
				56F7AAA41DBB078500E3CBF1 /* ViewController.swift in Sources */,
				56F7AAA21DBB078500E3CBF1 /* AppDelegate.swift in Sources */,
			);
			runOnlyForDeploymentPostprocessing = 0;
		};
		56F7AAAE1DBB078500E3CBF1 /* Sources */ = {
			isa = PBXSourcesBuildPhase;
			buildActionMask = 2147483647;
			files = (
				56F7AAB71DBB078500E3CBF1 /* ConcorTests.swift in Sources */,
			);
			runOnlyForDeploymentPostprocessing = 0;
		};
		56F7AAB91DBB078500E3CBF1 /* Sources */ = {
			isa = PBXSourcesBuildPhase;
			buildActionMask = 2147483647;
			files = (
				56F7AAC21DBB078500E3CBF1 /* ConcorUITests.swift in Sources */,
			);
			runOnlyForDeploymentPostprocessing = 0;
		};
/* End PBXSourcesBuildPhase section */

/* Begin PBXTargetDependency section */
		56F7AAB41DBB078500E3CBF1 /* PBXTargetDependency */ = {
			isa = PBXTargetDependency;
			target = 56F7AA9D1DBB078500E3CBF1 /* Concor */;
			targetProxy = 56F7AAB31DBB078500E3CBF1 /* PBXContainerItemProxy */;
		};
		56F7AABF1DBB078500E3CBF1 /* PBXTargetDependency */ = {
			isa = PBXTargetDependency;
			target = 56F7AA9D1DBB078500E3CBF1 /* Concor */;
			targetProxy = 56F7AABE1DBB078500E3CBF1 /* PBXContainerItemProxy */;
		};
/* End PBXTargetDependency section */

/* Begin PBXVariantGroup section */
		56F7AAA51DBB078500E3CBF1 /* Main.storyboard */ = {
			isa = PBXVariantGroup;
			children = (
				56F7AAA61DBB078500E3CBF1 /* Base */,
			);
			name = Main.storyboard;
			sourceTree = "<group>";
		};
		56F7AAAA1DBB078500E3CBF1 /* LaunchScreen.storyboard */ = {
			isa = PBXVariantGroup;
			children = (
				56F7AAAB1DBB078500E3CBF1 /* Base */,
			);
			name = LaunchScreen.storyboard;
			sourceTree = "<group>";
		};
/* End PBXVariantGroup section */

/* Begin XCBuildConfiguration section */
		56F7AAC41DBB078500E3CBF1 /* Debug */ = {
			isa = XCBuildConfiguration;
			buildSettings = {
				ALWAYS_SEARCH_USER_PATHS = NO;
				CLANG_ANALYZER_NONNULL = YES;
				CLANG_CXX_LANGUAGE_STANDARD = "gnu++0x";
				CLANG_CXX_LIBRARY = "libc++";
				CLANG_ENABLE_MODULES = YES;
				CLANG_ENABLE_OBJC_ARC = YES;
				CLANG_WARN_BOOL_CONVERSION = YES;
				CLANG_WARN_CONSTANT_CONVERSION = YES;
				CLANG_WARN_DIRECT_OBJC_ISA_USAGE = YES_ERROR;
				CLANG_WARN_DOCUMENTATION_COMMENTS = YES;
				CLANG_WARN_EMPTY_BODY = YES;
				CLANG_WARN_ENUM_CONVERSION = YES;
				CLANG_WARN_INFINITE_RECURSION = YES;
				CLANG_WARN_INT_CONVERSION = YES;
				CLANG_WARN_OBJC_ROOT_CLASS = YES_ERROR;
				CLANG_WARN_SUSPICIOUS_MOVE = YES;
				CLANG_WARN_SUSPICIOUS_MOVES = YES;
				CLANG_WARN_UNREACHABLE_CODE = YES;
				CLANG_WARN__DUPLICATE_METHOD_MATCH = YES;
				"CODE_SIGN_IDENTITY[sdk=iphoneos*]" = "iPhone Developer";
				COPY_PHASE_STRIP = NO;
				DEBUG_INFORMATION_FORMAT = dwarf;
				ENABLE_STRICT_OBJC_MSGSEND = YES;
				ENABLE_TESTABILITY = YES;
				GCC_C_LANGUAGE_STANDARD = gnu99;
				GCC_DYNAMIC_NO_PIC = NO;
				GCC_NO_COMMON_BLOCKS = YES;
				GCC_OPTIMIZATION_LEVEL = 0;
				GCC_PREPROCESSOR_DEFINITIONS = (
					"DEBUG=1",
					"$(inherited)",
				);
				GCC_WARN_64_TO_32_BIT_CONVERSION = YES;
				GCC_WARN_ABOUT_RETURN_TYPE = YES_ERROR;
				GCC_WARN_UNDECLARED_SELECTOR = YES;
				GCC_WARN_UNINITIALIZED_AUTOS = YES_AGGRESSIVE;
				GCC_WARN_UNUSED_FUNCTION = YES;
				GCC_WARN_UNUSED_VARIABLE = YES;
				IPHONEOS_DEPLOYMENT_TARGET = 9.0;
				MTL_ENABLE_DEBUG_INFO = YES;
				ONLY_ACTIVE_ARCH = YES;
				SDKROOT = iphoneos;
				SWIFT_ACTIVE_COMPILATION_CONDITIONS = DEBUG;
				SWIFT_OPTIMIZATION_LEVEL = "-Onone";
				TARGETED_DEVICE_FAMILY = 2;
			};
			name = Debug;
		};
		56F7AAC51DBB078500E3CBF1 /* Release */ = {
			isa = XCBuildConfiguration;
			buildSettings = {
				ALWAYS_SEARCH_USER_PATHS = NO;
				CLANG_ANALYZER_NONNULL = YES;
				CLANG_CXX_LANGUAGE_STANDARD = "gnu++0x";
				CLANG_CXX_LIBRARY = "libc++";
				CLANG_ENABLE_MODULES = YES;
				CLANG_ENABLE_OBJC_ARC = YES;
				CLANG_WARN_BOOL_CONVERSION = YES;
				CLANG_WARN_CONSTANT_CONVERSION = YES;
				CLANG_WARN_DIRECT_OBJC_ISA_USAGE = YES_ERROR;
				CLANG_WARN_DOCUMENTATION_COMMENTS = YES;
				CLANG_WARN_EMPTY_BODY = YES;
				CLANG_WARN_ENUM_CONVERSION = YES;
				CLANG_WARN_INFINITE_RECURSION = YES;
				CLANG_WARN_INT_CONVERSION = YES;
				CLANG_WARN_OBJC_ROOT_CLASS = YES_ERROR;
				CLANG_WARN_SUSPICIOUS_MOVE = YES;
				CLANG_WARN_SUSPICIOUS_MOVES = YES;
				CLANG_WARN_UNREACHABLE_CODE = YES;
				CLANG_WARN__DUPLICATE_METHOD_MATCH = YES;
				"CODE_SIGN_IDENTITY[sdk=iphoneos*]" = "iPhone Developer";
				COPY_PHASE_STRIP = NO;
				DEBUG_INFORMATION_FORMAT = "dwarf-with-dsym";
				ENABLE_NS_ASSERTIONS = NO;
				ENABLE_STRICT_OBJC_MSGSEND = YES;
				GCC_C_LANGUAGE_STANDARD = gnu99;
				GCC_NO_COMMON_BLOCKS = YES;
				GCC_WARN_64_TO_32_BIT_CONVERSION = YES;
				GCC_WARN_ABOUT_RETURN_TYPE = YES_ERROR;
				GCC_WARN_UNDECLARED_SELECTOR = YES;
				GCC_WARN_UNINITIALIZED_AUTOS = YES_AGGRESSIVE;
				GCC_WARN_UNUSED_FUNCTION = YES;
				GCC_WARN_UNUSED_VARIABLE = YES;
				IPHONEOS_DEPLOYMENT_TARGET = 9.0;
				MTL_ENABLE_DEBUG_INFO = NO;
				SDKROOT = iphoneos;
				SWIFT_OPTIMIZATION_LEVEL = "-Owholemodule";
				TARGETED_DEVICE_FAMILY = 2;
				VALIDATE_PRODUCT = YES;
			};
			name = Release;
		};
		56F7AAC71DBB078500E3CBF1 /* Debug */ = {
			isa = XCBuildConfiguration;
			buildSettings = {
				ASSETCATALOG_COMPILER_APPICON_NAME = AppIcon;
				DEVELOPMENT_TEAM = 9YRZ67W2T5;
				INFOPLIST_FILE = Concor/Info.plist;
				IPHONEOS_DEPLOYMENT_TARGET = 9.0;
				LD_RUNPATH_SEARCH_PATHS = "$(inherited) @executable_path/Frameworks";
				PRODUCT_BUNDLE_IDENTIFIER = concor.com.RentalApps.Concor;
				PRODUCT_NAME = "$(TARGET_NAME)";
				SWIFT_VERSION = 3.0;
			};
			name = Debug;
		};
		56F7AAC81DBB078500E3CBF1 /* Release */ = {
			isa = XCBuildConfiguration;
			buildSettings = {
				ASSETCATALOG_COMPILER_APPICON_NAME = AppIcon;
				DEVELOPMENT_TEAM = 9YRZ67W2T5;
				INFOPLIST_FILE = Concor/Info.plist;
				IPHONEOS_DEPLOYMENT_TARGET = 9.0;
				LD_RUNPATH_SEARCH_PATHS = "$(inherited) @executable_path/Frameworks";
				PRODUCT_BUNDLE_IDENTIFIER = concor.com.RentalApps.Concor;
				PRODUCT_NAME = "$(TARGET_NAME)";
				SWIFT_VERSION = 3.0;
			};
			name = Release;
		};
		56F7AACA1DBB078500E3CBF1 /* Debug */ = {
			isa = XCBuildConfiguration;
			buildSettings = {
				ALWAYS_EMBED_SWIFT_STANDARD_LIBRARIES = YES;
				BUNDLE_LOADER = "$(TEST_HOST)";
				DEVELOPMENT_TEAM = 9YRZ67W2T5;
				INFOPLIST_FILE = ConcorTests/Info.plist;
				LD_RUNPATH_SEARCH_PATHS = "$(inherited) @executable_path/Frameworks @loader_path/Frameworks";
				PRODUCT_BUNDLE_IDENTIFIER = concor.com.RentalApps.ConcorTests;
				PRODUCT_NAME = "$(TARGET_NAME)";
				SWIFT_VERSION = 3.0;
				TEST_HOST = "$(BUILT_PRODUCTS_DIR)/Concor.app/Concor";
			};
			name = Debug;
		};
		56F7AACB1DBB078500E3CBF1 /* Release */ = {
			isa = XCBuildConfiguration;
			buildSettings = {
				ALWAYS_EMBED_SWIFT_STANDARD_LIBRARIES = YES;
				BUNDLE_LOADER = "$(TEST_HOST)";
				DEVELOPMENT_TEAM = 9YRZ67W2T5;
				INFOPLIST_FILE = ConcorTests/Info.plist;
				LD_RUNPATH_SEARCH_PATHS = "$(inherited) @executable_path/Frameworks @loader_path/Frameworks";
				PRODUCT_BUNDLE_IDENTIFIER = concor.com.RentalApps.ConcorTests;
				PRODUCT_NAME = "$(TARGET_NAME)";
				SWIFT_VERSION = 3.0;
				TEST_HOST = "$(BUILT_PRODUCTS_DIR)/Concor.app/Concor";
			};
			name = Release;
		};
		56F7AACD1DBB078500E3CBF1 /* Debug */ = {
			isa = XCBuildConfiguration;
			buildSettings = {
				ALWAYS_EMBED_SWIFT_STANDARD_LIBRARIES = YES;
				DEVELOPMENT_TEAM = 9YRZ67W2T5;
				INFOPLIST_FILE = ConcorUITests/Info.plist;
				LD_RUNPATH_SEARCH_PATHS = "$(inherited) @executable_path/Frameworks @loader_path/Frameworks";
				PRODUCT_BUNDLE_IDENTIFIER = concor.com.RentalApps.ConcorUITests;
				PRODUCT_NAME = "$(TARGET_NAME)";
				SWIFT_VERSION = 3.0;
				TEST_TARGET_NAME = Concor;
			};
			name = Debug;
		};
		56F7AACE1DBB078500E3CBF1 /* Release */ = {
			isa = XCBuildConfiguration;
			buildSettings = {
				ALWAYS_EMBED_SWIFT_STANDARD_LIBRARIES = YES;
				DEVELOPMENT_TEAM = 9YRZ67W2T5;
				INFOPLIST_FILE = ConcorUITests/Info.plist;
				LD_RUNPATH_SEARCH_PATHS = "$(inherited) @executable_path/Frameworks @loader_path/Frameworks";
				PRODUCT_BUNDLE_IDENTIFIER = concor.com.RentalApps.ConcorUITests;
				PRODUCT_NAME = "$(TARGET_NAME)";
				SWIFT_VERSION = 3.0;
				TEST_TARGET_NAME = Concor;
			};
			name = Release;
		};
/* End XCBuildConfiguration section */

/* Begin XCConfigurationList section */
		56F7AA991DBB078500E3CBF1 /* Build configuration list for PBXProject "Concor" */ = {
			isa = XCConfigurationList;
			buildConfigurations = (
				56F7AAC41DBB078500E3CBF1 /* Debug */,
				56F7AAC51DBB078500E3CBF1 /* Release */,
			);
			defaultConfigurationIsVisible = 0;
			defaultConfigurationName = Release;
		};
		56F7AAC61DBB078500E3CBF1 /* Build configuration list for PBXNativeTarget "Concor" */ = {
			isa = XCConfigurationList;
			buildConfigurations = (
				56F7AAC71DBB078500E3CBF1 /* Debug */,
				56F7AAC81DBB078500E3CBF1 /* Release */,
			);
			defaultConfigurationIsVisible = 0;
			defaultConfigurationName = Release;
		};
		56F7AAC91DBB078500E3CBF1 /* Build configuration list for PBXNativeTarget "ConcorTests" */ = {
			isa = XCConfigurationList;
			buildConfigurations = (
				56F7AACA1DBB078500E3CBF1 /* Debug */,
				56F7AACB1DBB078500E3CBF1 /* Release */,
			);
			defaultConfigurationIsVisible = 0;
			defaultConfigurationName = Release;
		};
		56F7AACC1DBB078500E3CBF1 /* Build configuration list for PBXNativeTarget "ConcorUITests" */ = {
			isa = XCConfigurationList;
			buildConfigurations = (
				56F7AACD1DBB078500E3CBF1 /* Debug */,
				56F7AACE1DBB078500E3CBF1 /* Release */,
			);
			defaultConfigurationIsVisible = 0;
			defaultConfigurationName = Release;
		};
/* End XCConfigurationList section */
	};
	rootObject = 56F7AA961DBB078500E3CBF1 /* Project object */;
}
